
Microsoft Visual Studio Solution File, Format Version 12.00
# Visual Studio Version 17
VisualStudioVersion = 17.3.32901.215
MinimumVisualStudioVersion = 10.0.40219.1
Project("{FAE04EC0-301F-11D3-BF4B-00C04F79EFBC}") = "Capstone_Reference_Client_module", "Capstone_Reference_Client_module\Capstone_Reference_Client_module.csproj", "{B387520E-A46F-4C68-AB71-EF0B729A365A}"
EndProject
Global
	GlobalSection(SolutionConfigurationPlatforms) = preSolution
		Debug|Any CPU = Debug|Any CPU
		Release|Any CPU = Release|Any CPU
	EndGlobalSection
	GlobalSection(ProjectConfigurationPlatforms) = postSolution
		{B387520E-A46F-4C68-AB71-EF0B729A365A}.Debug|Any CPU.ActiveCfg = Debug|Any CPU
		{B387520E-A46F-4C68-AB71-EF0B729A365A}.Debug|Any CPU.Build.0 = Debug|Any CPU
		{B387520E-A46F-4C68-AB71-EF0B729A365A}.Release|Any CPU.ActiveCfg = Release|Any CPU
		{B387520E-A46F-4C68-AB71-EF0B729A365A}.Release|Any CPU.Build.0 = Release|Any CPU
	EndGlobalSection
	GlobalSection(SolutionProperties) = preSolution
		HideSolutionNode = FALSE
	EndGlobalSection
	GlobalSection(ExtensibilityGlobals) = postSolution
		SolutionGuid = {98FE1A14-43D7-4F23-A67B-AC551A737308}
	EndGlobalSection
EndGlobal
